
Microsoft Visual Studio Solution File, Format Version 12.00
# Visual Studio Version 17
VisualStudioVersion = 17.13.35919.96
MinimumVisualStudioVersion = 10.0.40219.1
Project("{FAE04EC0-301F-11D3-BF4B-00C04F79EFBC}") = "OrderManager", "2_OrderManeger\OrderManager.csproj", "{CED392A8-D394-430A-BB8B-6A00B4F988BA}"
EndProject
Global
	GlobalSection(SolutionConfigurationPlatforms) = preSolution
		Debug|Any CPU = Debug|Any CPU
		Release|Any CPU = Release|Any CPU
	EndGlobalSection
	GlobalSection(ProjectConfigurationPlatforms) = postSolution
		{CED392A8-D394-430A-BB8B-6A00B4F988BA}.Debug|Any CPU.ActiveCfg = Debug|Any CPU
		{CED392A8-D394-430A-BB8B-6A00B4F988BA}.Debug|Any CPU.Build.0 = Debug|Any CPU
		{CED392A8-D394-430A-BB8B-6A00B4F988BA}.Release|Any CPU.ActiveCfg = Release|Any CPU
		{CED392A8-D394-430A-BB8B-6A00B4F988BA}.Release|Any CPU.Build.0 = Release|Any CPU
	EndGlobalSection
	GlobalSection(SolutionProperties) = preSolution
		HideSolutionNode = FALSE
	EndGlobalSection
	GlobalSection(ExtensibilityGlobals) = postSolution
		SolutionGuid = {583703AE-3512-462F-9466-90F34F1377E1}
	EndGlobalSection
EndGlobal
